uuid: 553ce267-8f7a-43e0-b53c-9ec02f1850d3
langcode: en
status: true
dependencies:
  module:
    - convertercoin
  theme:
    - mycog
id: convertcoinblock
theme: mycog
region: content
weight: 0
provider: null
plugin: coin_converter_block
settings:
  id: coin_converter_block
  label: 'convertcoin Block'
  provider: convertercoin
  label_display: '0'
  heading: Bitcoin
  subheading: 'Currency Calculator'
  description: 'Lorem ipsum dolor sit amet, consetetur sadipscing elitr, sed diam nonumy eirmod tempor invidunt ut laboret dolore magna aliquyam erat, sed diam voluptua.'
  image:
    - '16'
visibility: {  }
