uuid: 94c2a4c9-4381-4f45-9861-ed18b69c7284
langcode: en
status: true
dependencies:
  module:
    - convertercoin
  theme:
    - mycog
id: convertcoinblock
theme: mycog
region: header
weight: 0
provider: null
plugin: coin_converter_block
settings:
  id: coin_converter_block
  label: 'convertcoin Block'
  provider: convertercoin
  label_display: visible
  heading: Bitcoin
  subheading: 'Currency Calculator'
  description: test
  image:
    - '3'
visibility: {  }
