uuid: 50be6b4a-a59a-4016-bdb7-4bdf6046b331
langcode: en
status: false
dependencies:
  config:
    - contact.form.feedback
  module:
    - contact_block
  theme:
    - mycog
id: contactblock
theme: mycog
region: content
weight: 0
provider: null
plugin: contact_block
settings:
  id: contact_block
  label: 'Contact block'
  provider: contact_block
  label_display: visible
  contact_form: feedback
visibility: {  }
